
Microsoft Visual Studio Solution File, Format Version 12.00
# Visual Studio Version 17
VisualStudioVersion = 17.2.32526.322
MinimumVisualStudioVersion = 10.0.40219.1
Project("{2150E333-8FDC-42A3-9474-1A3956D46DE8}") = ".NET FRAMEWORK", ".NET FRAMEWORK", "{5CF37350-F221-4DAD-A0C4-7EAFF0C40822}"
EndProject
Project("{2150E333-8FDC-42A3-9474-1A3956D46DE8}") = ".NET CORE", ".NET CORE", "{EDB544FD-E91E-495C-9F1D-5957032F52EC}"
EndProject
Project("{FAE04EC0-301F-11D3-BF4B-00C04F79EFBC}") = "BO", "BO\BO.csproj", "{B805C4EA-07D9-40A6-994C-B0A36E9F8B2F}"
EndProject
Project("{FAE04EC0-301F-11D3-BF4B-00C04F79EFBC}") = "WebAPI", "WebAPI\WebAPI.csproj", "{D30EC638-D3E4-42ED-8BAD-27ECD9BF505B}"
EndProject
Project("{FAE04EC0-301F-11D3-BF4B-00C04F79EFBC}") = "Web", "Web\Web.csproj", "{144CAA8C-E1EE-453E-A72D-1BC380539C90}"
EndProject
Project("{FAE04EC0-301F-11D3-BF4B-00C04F79EFBC}") = "UnitTestProject1", "UnitTestProject1\UnitTestProject1.csproj", "{B0716068-A7D8-4956-B96D-7F15842D1057}"
EndProject
Project("{FAE04EC0-301F-11D3-BF4B-00C04F79EFBC}") = "ConsoleApp1", "ConsoleApp1\ConsoleApp1.csproj", "{C7F55136-EEBC-41F5-935D-9A9D300561D7}"
EndProject
Global
	GlobalSection(SolutionConfigurationPlatforms) = preSolution
		Debug|Any CPU = Debug|Any CPU
		Release|Any CPU = Release|Any CPU
	EndGlobalSection
	GlobalSection(ProjectConfigurationPlatforms) = postSolution
		{B805C4EA-07D9-40A6-994C-B0A36E9F8B2F}.Debug|Any CPU.ActiveCfg = Debug|Any CPU
		{B805C4EA-07D9-40A6-994C-B0A36E9F8B2F}.Debug|Any CPU.Build.0 = Debug|Any CPU
		{B805C4EA-07D9-40A6-994C-B0A36E9F8B2F}.Release|Any CPU.ActiveCfg = Release|Any CPU
		{B805C4EA-07D9-40A6-994C-B0A36E9F8B2F}.Release|Any CPU.Build.0 = Release|Any CPU
		{D30EC638-D3E4-42ED-8BAD-27ECD9BF505B}.Debug|Any CPU.ActiveCfg = Debug|Any CPU
		{D30EC638-D3E4-42ED-8BAD-27ECD9BF505B}.Debug|Any CPU.Build.0 = Debug|Any CPU
		{D30EC638-D3E4-42ED-8BAD-27ECD9BF505B}.Release|Any CPU.ActiveCfg = Release|Any CPU
		{D30EC638-D3E4-42ED-8BAD-27ECD9BF505B}.Release|Any CPU.Build.0 = Release|Any CPU
		{144CAA8C-E1EE-453E-A72D-1BC380539C90}.Debug|Any CPU.ActiveCfg = Debug|Any CPU
		{144CAA8C-E1EE-453E-A72D-1BC380539C90}.Debug|Any CPU.Build.0 = Debug|Any CPU
		{144CAA8C-E1EE-453E-A72D-1BC380539C90}.Release|Any CPU.ActiveCfg = Release|Any CPU
		{144CAA8C-E1EE-453E-A72D-1BC380539C90}.Release|Any CPU.Build.0 = Release|Any CPU
		{B0716068-A7D8-4956-B96D-7F15842D1057}.Debug|Any CPU.ActiveCfg = Debug|Any CPU
		{B0716068-A7D8-4956-B96D-7F15842D1057}.Debug|Any CPU.Build.0 = Debug|Any CPU
		{B0716068-A7D8-4956-B96D-7F15842D1057}.Release|Any CPU.ActiveCfg = Release|Any CPU
		{B0716068-A7D8-4956-B96D-7F15842D1057}.Release|Any CPU.Build.0 = Release|Any CPU
		{C7F55136-EEBC-41F5-935D-9A9D300561D7}.Debug|Any CPU.ActiveCfg = Debug|Any CPU
		{C7F55136-EEBC-41F5-935D-9A9D300561D7}.Debug|Any CPU.Build.0 = Debug|Any CPU
		{C7F55136-EEBC-41F5-935D-9A9D300561D7}.Release|Any CPU.ActiveCfg = Release|Any CPU
		{C7F55136-EEBC-41F5-935D-9A9D300561D7}.Release|Any CPU.Build.0 = Release|Any CPU
	EndGlobalSection
	GlobalSection(SolutionProperties) = preSolution
		HideSolutionNode = FALSE
	EndGlobalSection
	GlobalSection(NestedProjects) = preSolution
		{B805C4EA-07D9-40A6-994C-B0A36E9F8B2F} = {5CF37350-F221-4DAD-A0C4-7EAFF0C40822}
		{D30EC638-D3E4-42ED-8BAD-27ECD9BF505B} = {5CF37350-F221-4DAD-A0C4-7EAFF0C40822}
		{144CAA8C-E1EE-453E-A72D-1BC380539C90} = {5CF37350-F221-4DAD-A0C4-7EAFF0C40822}
		{B0716068-A7D8-4956-B96D-7F15842D1057} = {5CF37350-F221-4DAD-A0C4-7EAFF0C40822}
		{C7F55136-EEBC-41F5-935D-9A9D300561D7} = {5CF37350-F221-4DAD-A0C4-7EAFF0C40822}
	EndGlobalSection
	GlobalSection(ExtensibilityGlobals) = postSolution
		SolutionGuid = {791ECBB0-9DA8-4FD9-9B42-DB9C306DC444}
	EndGlobalSection
EndGlobal
